// !$*UTF8*$!
{
	archiveVersion = 1;
	classes = {
	};
	objectVersion = 50;
	objects = {

/* Begin PBXBuildFile section */
		0C6B6BB3239643F6004D1051 /* AppDelegate.swift in Sources */ = {isa = PBXBuildFile; fileRef = 0C6B6BB2239643F6004D1051 /* AppDelegate.swift */; };
		0C6B6BB5239643F6004D1051 /* SceneDelegate.swift in Sources */ = {isa = PBXBuildFile; fileRef = 0C6B6BB4239643F6004D1051 /* SceneDelegate.swift */; };
		0C6B6BB7239643F6004D1051 /* ViewController.swift in Sources */ = {isa = PBXBuildFile; fileRef = 0C6B6BB6239643F6004D1051 /* ViewController.swift */; };
		0C6B6BBA239643F6004D1051 /* Main.storyboard in Resources */ = {isa = PBXBuildFile; fileRef = 0C6B6BB8239643F6004D1051 /* Main.storyboard */; };
		0C6B6BBC239643F8004D1051 /* Assets.xcassets in Resources */ = {isa = PBXBuildFile; fileRef = 0C6B6BBB239643F8004D1051 /* Assets.xcassets */; };
		0C6B6BBF239643F8004D1051 /* LaunchScreen.storyboard in Resources */ = {isa = PBXBuildFile; fileRef = 0C6B6BBD239643F8004D1051 /* LaunchScreen.storyboard */; };
		1AB5300B526BEB46DDAAAB4F /* Pods_Splash2Project.framework in Frameworks */ = {isa = PBXBuildFile; fileRef = 0935AB836F4868514DC2A5AA /* Pods_Splash2Project.framework */; };
/* End PBXBuildFile section */

/* Begin PBXFileReference section */
		0935AB836F4868514DC2A5AA /* Pods_Splash2Project.framework */ = {isa = PBXFileReference; explicitFileType = wrapper.framework; includeInIndex = 0; path = Pods_Splash2Project.framework; sourceTree = BUILT_PRODUCTS_DIR; };
		0C6B6BAF239643F6004D1051 /* Splash2Project.app */ = {isa = PBXFileReference; explicitFileType = wrapper.application; includeInIndex = 0; path = Splash2Project.app; sourceTree = BUILT_PRODUCTS_DIR; };
		0C6B6BB2239643F6004D1051 /* AppDelegate.swift */ = {isa = PBXFileReference; lastKnownFileType = sourcecode.swift; path = AppDelegate.swift; sourceTree = "<group>"; };
		0C6B6BB4239643F6004D1051 /* SceneDelegate.swift */ = {isa = PBXFileReference; lastKnownFileType = sourcecode.swift; path = SceneDelegate.swift; sourceTree = "<group>"; };
		0C6B6BB6239643F6004D1051 /* ViewController.swift */ = {isa = PBXFileReference; lastKnownFileType = sourcecode.swift; path = ViewController.swift; sourceTree = "<group>"; };
		0C6B6BB9239643F6004D1051 /* Base */ = {isa = PBXFileReference; lastKnownFileType = file.storyboard; name = Base; path = Base.lproj/Main.storyboard; sourceTree = "<group>"; };
		0C6B6BBB239643F8004D1051 /* Assets.xcassets */ = {isa = PBXFileReference; lastKnownFileType = folder.assetcatalog; path = Assets.xcassets; sourceTree = "<group>"; };
		0C6B6BBE239643F8004D1051 /* Base */ = {isa = PBXFileReference; lastKnownFileType = file.storyboard; name = Base; path = Base.lproj/LaunchScreen.storyboard; sourceTree = "<group>"; };
		0C6B6BC0239643F8004D1051 /* Info.plist */ = {isa = PBXFileReference; lastKnownFileType = text.plist.xml; path = Info.plist; sourceTree = "<group>"; };
		3C0A0039CD33551B813BAEE3 /* Pods-Splash2Project.release.xcconfig */ = {isa = PBXFileReference; includeInIndex = 1; lastKnownFileType = text.xcconfig; name = "Pods-Splash2Project.release.xcconfig"; path = "Target Support Files/Pods-Splash2Project/Pods-Splash2Project.release.xcconfig"; sourceTree = "<group>"; };
		A08FF956A206FF2A9234CB49 /* Pods-Splash2Project.debug.xcconfig */ = {isa = PBXFileReference; includeInIndex = 1; lastKnownFileType = text.xcconfig; name = "Pods-Splash2Project.debug.xcconfig"; path = "Target Support Files/Pods-Splash2Project/Pods-Splash2Project.debug.xcconfig"; sourceTree = "<group>"; };
/* End PBXFileReference section */

/* Begin PBXFrameworksBuildPhase section */
		0C6B6BAC239643F6004D1051 /* Frameworks */ = {
			isa = PBXFrameworksBuildPhase;
			buildActionMask = 2147483647;
			files = (
				1AB5300B526BEB46DDAAAB4F /* Pods_Splash2Project.framework in Frameworks */,
			);
			runOnlyForDeploymentPostprocessing = 0;
		};
/* End PBXFrameworksBuildPhase section */

/* Begin PBXGroup section */
		0C6B6BA6239643F6004D1051 = {
			isa = PBXGroup;
			children = (
				0C6B6BB1239643F6004D1051 /* Splash2Project */,
				0C6B6BB0239643F6004D1051 /* Products */,
				359D43FE7B8EF3D7F00CE7E7 /* Pods */,
				7516FB35086A0A1406FD9E28 /* Frameworks */,
			);
			sourceTree = "<group>";
		};
		0C6B6BB0239643F6004D1051 /* Products */ = {
			isa = PBXGroup;
			children = (
				0C6B6BAF239643F6004D1051 /* Splash2Project.app */,
			);
			name = Products;
			sourceTree = "<group>";
		};
		0C6B6BB1239643F6004D1051 /* Splash2Project */ = {
			isa = PBXGroup;
			children = (
				0C6B6BB2239643F6004D1051 /* AppDelegate.swift */,
				0C6B6BB4239643F6004D1051 /* SceneDelegate.swift */,
				0C6B6BB6239643F6004D1051 /* ViewController.swift */,
				0C6B6BB8239643F6004D1051 /* Main.storyboard */,
				0C6B6BBB239643F8004D1051 /* Assets.xcassets */,
				0C6B6BBD239643F8004D1051 /* LaunchScreen.storyboard */,
				0C6B6BC0239643F8004D1051 /* Info.plist */,
			);
			path = Splash2Project;
			sourceTree = "<group>";
		};
		359D43FE7B8EF3D7F00CE7E7 /* Pods */ = {
			isa = PBXGroup;
			children = (
				A08FF956A206FF2A9234CB49 /* Pods-Splash2Project.debug.xcconfig */,
				3C0A0039CD33551B813BAEE3 /* Pods-Splash2Project.release.xcconfig */,
			);
			name = Pods;
			path = Pods;
			sourceTree = "<group>";
		};
		7516FB35086A0A1406FD9E28 /* Frameworks */ = {
			isa = PBXGroup;
			children = (
				0935AB836F4868514DC2A5AA /* Pods_Splash2Project.framework */,
			);
			name = Frameworks;
			sourceTree = "<group>";
		};
/* End PBXGroup section */

/* Begin PBXNativeTarget section */
		0C6B6BAE239643F6004D1051 /* Splash2Project */ = {
			isa = PBXNativeTarget;
			buildConfigurationList = 0C6B6BC3239643F8004D1051 /* Build configuration list for PBXNativeTarget "Splash2Project" */;
			buildPhases = (
				19899DE90E8168AEE26298D6 /* [CP] Check Pods Manifest.lock */,
				0C6B6BAB239643F6004D1051 /* Sources */,
				0C6B6BAC239643F6004D1051 /* Frameworks */,
				0C6B6BAD239643F6004D1051 /* Resources */,
				C1395CB844B6D375F7C9D46C /* [CP] Embed Pods Frameworks */,
			);
			buildRules = (
			);
			dependencies = (
			);
			name = Splash2Project;
			productName = Splash2Project;
			productReference = 0C6B6BAF239643F6004D1051 /* Splash2Project.app */;
			productType = "com.apple.product-type.application";
		};
/* End PBXNativeTarget section */

/* Begin PBXProject section */
		0C6B6BA7239643F6004D1051 /* Project object */ = {
			isa = PBXProject;
			attributes = {
				LastSwiftUpdateCheck = 1120;
				LastUpgradeCheck = 1120;
				ORGANIZATIONNAME = yonekan;
				TargetAttributes = {
					0C6B6BAE239643F6004D1051 = {
						CreatedOnToolsVersion = 11.2.1;
					};
				};
			};
			buildConfigurationList = 0C6B6BAA239643F6004D1051 /* Build configuration list for PBXProject "Splash2Project" */;
			compatibilityVersion = "Xcode 9.3";
			developmentRegion = en;
			hasScannedForEncodings = 0;
			knownRegions = (
				en,
				Base,
			);
			mainGroup = 0C6B6BA6239643F6004D1051;
			productRefGroup = 0C6B6BB0239643F6004D1051 /* Products */;
			projectDirPath = "";
			projectRoot = "";
			targets = (
				0C6B6BAE239643F6004D1051 /* Splash2Project */,
			);
		};
/* End PBXProject section */

/* Begin PBXResourcesBuildPhase section */
		0C6B6BAD239643F6004D1051 /* Resources */ = {
			isa = PBXResourcesBuildPhase;
			buildActionMask = 2147483647;
			files = (
				0C6B6BBF239643F8004D1051 /* LaunchScreen.storyboard in Resources */,
				0C6B6BBC239643F8004D1051 /* Assets.xcassets in Resources */,
				0C6B6BBA239643F6004D1051 /* Main.storyboard in Resources */,
			);
			runOnlyForDeploymentPostprocessing = 0;
		};
/* End PBXResourcesBuildPhase section */

/* Begin PBXShellScriptBuildPhase section */
		19899DE90E8168AEE26298D6 /* [CP] Check Pods Manifest.lock */ = {
			isa = PBXShellScriptBuildPhase;
			buildActionMask = 2147483647;
			files = (
			);
			inputFileListPaths = (
			);
			inputPaths = (
				"${PODS_PODFILE_DIR_PATH}/Podfile.lock",
				"${PODS_ROOT}/Manifest.lock",
			);
			name = "[CP] Check Pods Manifest.lock";
			outputFileListPaths = (
			);
			outputPaths = (
				"$(DERIVED_FILE_DIR)/Pods-Splash2Project-checkManifestLockResult.txt",
			);
			runOnlyForDeploymentPostprocessing = 0;
			shellPath = /bin/sh;
			shellScript = "diff \"${PODS_PODFILE_DIR_PATH}/Podfile.lock\" \"${PODS_ROOT}/Manifest.lock\" > /dev/null\nif [ $? != 0 ] ; then\n    # print error to STDERR\n    echo \"error: The sandbox is not in sync with the Podfile.lock. Run 'pod install' or update your CocoaPods installation.\" >&2\n    exit 1\nfi\n# This output is used by Xcode 'outputs' to avoid re-running this script phase.\necho \"SUCCESS\" > \"${SCRIPT_OUTPUT_FILE_0}\"\n";
			showEnvVarsInLog = 0;
		};
		C1395CB844B6D375F7C9D46C /* [CP] Embed Pods Frameworks */ = {
			isa = PBXShellScriptBuildPhase;
			buildActionMask = 2147483647;
			files = (
			);
			inputFileListPaths = (
				"${PODS_ROOT}/Target Support Files/Pods-Splash2Project/Pods-Splash2Project-frameworks-${CONFIGURATION}-input-files.xcfilelist",
			);
			name = "[CP] Embed Pods Frameworks";
			outputFileListPaths = (
				"${PODS_ROOT}/Target Support Files/Pods-Splash2Project/Pods-Splash2Project-frameworks-${CONFIGURATION}-output-files.xcfilelist",
			);
			runOnlyForDeploymentPostprocessing = 0;
			shellPath = /bin/sh;
			shellScript = "\"${PODS_ROOT}/Target Support Files/Pods-Splash2Project/Pods-Splash2Project-frameworks.sh\"\n";
			showEnvVarsInLog = 0;
		};
/* End PBXShellScriptBuildPhase section */

/* Begin PBXSourcesBuildPhase section */
		0C6B6BAB239643F6004D1051 /* Sources */ = {
			isa = PBXSourcesBuildPhase;
			buildActionMask = 2147483647;
			files = (
				0C6B6BB7239643F6004D1051 /* ViewController.swift in Sources */,
				0C6B6BB3239643F6004D1051 /* AppDelegate.swift in Sources */,
				0C6B6BB5239643F6004D1051 /* SceneDelegate.swift in Sources */,
			);
			runOnlyForDeploymentPostprocessing = 0;
		};
/* End PBXSourcesBuildPhase section */

/* Begin PBXVariantGroup section */
		0C6B6BB8239643F6004D1051 /* Main.storyboard */ = {
			isa = PBXVariantGroup;
			children = (
				0C6B6BB9239643F6004D1051 /* Base */,
			);
			name = Main.storyboard;
			sourceTree = "<group>";
		};
		0C6B6BBD239643F8004D1051 /* LaunchScreen.storyboard */ = {
			isa = PBXVariantGroup;
			children = (
				0C6B6BBE239643F8004D1051 /* Base */,
			);
			name = LaunchScreen.storyboard;
			sourceTree = "<group>";
		};
/* End PBXVariantGroup section */

/* Begin XCBuildConfiguration section */
		0C6B6BC1239643F8004D1051 /* Debug */ = {
			isa = XCBuildConfiguration;
			buildSettings = {
				ALWAYS_SEARCH_USER_PATHS = NO;
				CLANG_ANALYZER_NONNULL = YES;
				CLANG_ANALYZER_NUMBER_OBJECT_CONVERSION = YES_AGGRESSIVE;
				CLANG_CXX_LANGUAGE_STANDARD = "gnu++14";
				CLANG_CXX_LIBRARY = "libc++";
				CLANG_ENABLE_MODULES = YES;
				CLANG_ENABLE_OBJC_ARC = YES;
				CLANG_ENABLE_OBJC_WEAK = YES;
				CLANG_WARN_BLOCK_CAPTURE_AUTORELEASING = YES;
				CLANG_WARN_BOOL_CONVERSION = YES;
				CLANG_WARN_COMMA = YES;
				CLANG_WARN_CONSTANT_CONVERSION = YES;
				CLANG_WARN_DEPRECATED_OBJC_IMPLEMENTATIONS = YES;
				CLANG_WARN_DIRECT_OBJC_ISA_USAGE = YES_ERROR;
				CLANG_WARN_DOCUMENTATION_COMMENTS = YES;
				CLANG_WARN_EMPTY_BODY = YES;
				CLANG_WARN_ENUM_CONVERSION = YES;
				CLANG_WARN_INFINITE_RECURSION = YES;
				CLANG_WARN_INT_CONVERSION = YES;
				CLANG_WARN_NON_LITERAL_NULL_CONVERSION = YES;
				CLANG_WARN_OBJC_IMPLICIT_RETAIN_SELF = YES;
				CLANG_WARN_OBJC_LITERAL_CONVERSION = YES;
				CLANG_WARN_OBJC_ROOT_CLASS = YES_ERROR;
				CLANG_WARN_RANGE_LOOP_ANALYSIS = YES;
				CLANG_WARN_STRICT_PROTOTYPES = YES;
				CLANG_WARN_SUSPICIOUS_MOVE = YES;
				CLANG_WARN_UNGUARDED_AVAILABILITY = YES_AGGRESSIVE;
				CLANG_WARN_UNREACHABLE_CODE = YES;
				CLANG_WARN__DUPLICATE_METHOD_MATCH = YES;
				COPY_PHASE_STRIP = NO;
				DEBUG_INFORMATION_FORMAT = dwarf;
				ENABLE_STRICT_OBJC_MSGSEND = YES;
				ENABLE_TESTABILITY = YES;
				GCC_C_LANGUAGE_STANDARD = gnu11;
				GCC_DYNAMIC_NO_PIC = NO;
				GCC_NO_COMMON_BLOCKS = YES;
				GCC_OPTIMIZATION_LEVEL = 0;
				GCC_PREPROCESSOR_DEFINITIONS = (
					"DEBUG=1",
					"$(inherited)",
				);
				GCC_WARN_64_TO_32_BIT_CONVERSION = YES;
				GCC_WARN_ABOUT_RETURN_TYPE = YES_ERROR;
				GCC_WARN_UNDECLARED_SELECTOR = YES;
				GCC_WARN_UNINITIALIZED_AUTOS = YES_AGGRESSIVE;
				GCC_WARN_UNUSED_FUNCTION = YES;
				GCC_WARN_UNUSED_VARIABLE = YES;
				IPHONEOS_DEPLOYMENT_TARGET = 13.2;
				MTL_ENABLE_DEBUG_INFO = INCLUDE_SOURCE;
				MTL_FAST_MATH = YES;
				ONLY_ACTIVE_ARCH = YES;
				SDKROOT = iphoneos;
				SWIFT_ACTIVE_COMPILATION_CONDITIONS = DEBUG;
				SWIFT_OPTIMIZATION_LEVEL = "-Onone";
			};
			name = Debug;
		};
		0C6B6BC2239643F8004D1051 /* Release */ = {
			isa = XCBuildConfiguration;
			buildSettings = {
				ALWAYS_SEARCH_USER_PATHS = NO;
				CLANG_ANALYZER_NONNULL = YES;
				CLANG_ANALYZER_NUMBER_OBJECT_CONVERSION = YES_AGGRESSIVE;
				CLANG_CXX_LANGUAGE_STANDARD = "gnu++14";
				CLANG_CXX_LIBRARY = "libc++";
				CLANG_ENABLE_MODULES = YES;
				CLANG_ENABLE_OBJC_ARC = YES;
				CLANG_ENABLE_OBJC_WEAK = YES;
				CLANG_WARN_BLOCK_CAPTURE_AUTORELEASING = YES;
				CLANG_WARN_BOOL_CONVERSION = YES;
				CLANG_WARN_COMMA = YES;
				CLANG_WARN_CONSTANT_CONVERSION = YES;
				CLANG_WARN_DEPRECATED_OBJC_IMPLEMENTATIONS = YES;
				CLANG_WARN_DIRECT_OBJC_ISA_USAGE = YES_ERROR;
				CLANG_WARN_DOCUMENTATION_COMMENTS = YES;
				CLANG_WARN_EMPTY_BODY = YES;
				CLANG_WARN_ENUM_CONVERSION = YES;
				CLANG_WARN_INFINITE_RECURSION = YES;
				CLANG_WARN_INT_CONVERSION = YES;
				CLANG_WARN_NON_LITERAL_NULL_CONVERSION = YES;
				CLANG_WARN_OBJC_IMPLICIT_RETAIN_SELF = YES;
				CLANG_WARN_OBJC_LITERAL_CONVERSION = YES;
				CLANG_WARN_OBJC_ROOT_CLASS = YES_ERROR;
				CLANG_WARN_RANGE_LOOP_ANALYSIS = YES;
				CLANG_WARN_STRICT_PROTOTYPES = YES;
				CLANG_WARN_SUSPICIOUS_MOVE = YES;
				CLANG_WARN_UNGUARDED_AVAILABILITY = YES_AGGRESSIVE;
				CLANG_WARN_UNREACHABLE_CODE = YES;
				CLANG_WARN__DUPLICATE_METHOD_MATCH = YES;
				COPY_PHASE_STRIP = NO;
				DEBUG_INFORMATION_FORMAT = "dwarf-with-dsym";
				ENABLE_NS_ASSERTIONS = NO;
				ENABLE_STRICT_OBJC_MSGSEND = YES;
				GCC_C_LANGUAGE_STANDARD = gnu11;
				GCC_NO_COMMON_BLOCKS = YES;
				GCC_WARN_64_TO_32_BIT_CONVERSION = YES;
				GCC_WARN_ABOUT_RETURN_TYPE = YES_ERROR;
				GCC_WARN_UNDECLARED_SELECTOR = YES;
				GCC_WARN_UNINITIALIZED_AUTOS = YES_AGGRESSIVE;
				GCC_WARN_UNUSED_FUNCTION = YES;
				GCC_WARN_UNUSED_VARIABLE = YES;
				IPHONEOS_DEPLOYMENT_TARGET = 13.2;
				MTL_ENABLE_DEBUG_INFO = NO;
				MTL_FAST_MATH = YES;
				SDKROOT = iphoneos;
				SWIFT_COMPILATION_MODE = wholemodule;
				SWIFT_OPTIMIZATION_LEVEL = "-O";
				VALIDATE_PRODUCT = YES;
			};
			name = Release;
		};
		0C6B6BC4239643F8004D1051 /* Debug */ = {
			isa = XCBuildConfiguration;
			baseConfigurationReference = A08FF956A206FF2A9234CB49 /* Pods-Splash2Project.debug.xcconfig */;
			buildSettings = {
				ASSETCATALOG_COMPILER_APPICON_NAME = AppIcon;
				CODE_SIGN_STYLE = Automatic;
				DEVELOPMENT_TEAM = 8DB4CQZK65;
				INFOPLIST_FILE = Splash2Project/Info.plist;
				LD_RUNPATH_SEARCH_PATHS = (
					"$(inherited)",
					"@executable_path/Frameworks",
				);
				PRODUCT_BUNDLE_IDENTIFIER = com.example.Splash2Project;
				PRODUCT_NAME = "$(TARGET_NAME)";
				SWIFT_VERSION = 5.0;
				TARGETED_DEVICE_FAMILY = "1,2";
			};
			name = Debug;
		};
		0C6B6BC5239643F8004D1051 /* Release */ = {
			isa = XCBuildConfiguration;
			baseConfigurationReference = 3C0A0039CD33551B813BAEE3 /* Pods-Splash2Project.release.xcconfig */;
			buildSettings = {
				ASSETCATALOG_COMPILER_APPICON_NAME = AppIcon;
				CODE_SIGN_STYLE = Automatic;
				DEVELOPMENT_TEAM = 8DB4CQZK65;
				INFOPLIST_FILE = Splash2Project/Info.plist;
				LD_RUNPATH_SEARCH_PATHS = (
					"$(inherited)",
					"@executable_path/Frameworks",
				);
				PRODUCT_BUNDLE_IDENTIFIER = com.example.Splash2Project;
				PRODUCT_NAME = "$(TARGET_NAME)";
				SWIFT_VERSION = 5.0;
				TARGETED_DEVICE_FAMILY = "1,2";
			};
			name = Release;
		};
/* End XCBuildConfiguration section */

/* Begin XCConfigurationList section */
		0C6B6BAA239643F6004D1051 /* Build configuration list for PBXProject "Splash2Project" */ = {
			isa = XCConfigurationList;
			buildConfigurations = (
				0C6B6BC1239643F8004D1051 /* Debug */,
				0C6B6BC2239643F8004D1051 /* Release */,
			);
			defaultConfigurationIsVisible = 0;
			defaultConfigurationName = Release;
		};
		0C6B6BC3239643F8004D1051 /* Build configuration list for PBXNativeTarget "Splash2Project" */ = {
			isa = XCConfigurationList;
			buildConfigurations = (
				0C6B6BC4239643F8004D1051 /* Debug */,
				0C6B6BC5239643F8004D1051 /* Release */,
			);
			defaultConfigurationIsVisible = 0;
			defaultConfigurationName = Release;
		};
/* End XCConfigurationList section */
	};
	rootObject = 0C6B6BA7239643F6004D1051 /* Project object */;
}
